// !$*UTF8*$!
{
	archiveVersion = 1;
	classes = {
	};
	objectVersion = 46;
	objects = {

/* Begin PBXBuildFile section */
		351655E01E793BE70024E76C /* main.cpp in Sources */ = {isa = PBXBuildFile; fileRef = 351655DF1E793BE70024E76C /* main.cpp */; };
		351655E21E793BE70024E76C /* Makefile in Sources */ = {isa = PBXBuildFile; fileRef = 351655E11E793BE70024E76C /* Makefile */; };
/* End PBXBuildFile section */

/* Begin PBXFileReference section */
		351655DC1E793BE70024E76C /* Index */ = {isa = PBXFileReference; explicitFileType = "compiled.mach-o.executable"; includeInIndex = 0; path = Index; sourceTree = BUILT_PRODUCTS_DIR; };
		351655DF1E793BE70024E76C /* main.cpp */ = {isa = PBXFileReference; lastKnownFileType = sourcecode.cpp.cpp; path = main.cpp; sourceTree = "<group>"; };
		351655E11E793BE70024E76C /* Makefile */ = {isa = PBXFileReference; lastKnownFileType = sourcecode.make; path = Makefile; sourceTree = "<group>"; };
		351655E31E793BE70024E76C /* ReadMe.txt */ = {isa = PBXFileReference; lastKnownFileType = text; path = ReadMe.txt; sourceTree = "<group>"; };
		351655E51E793BE70024E76C /* Sketchbook.txt */ = {isa = PBXFileReference; lastKnownFileType = text; name = Sketchbook.txt; path = Sketchbook/Sketchbook.txt; sourceTree = "<group>"; };
		351655E71E793BE70024E76C /* Arduino Due (Programming Port).xcconfig */ = {isa = PBXFileReference; lastKnownFileType = text.xcconfig; name = "Arduino Due (Programming Port).xcconfig"; path = "Configurations/Arduino Due (Programming Port).xcconfig"; sourceTree = "<group>"; };
		351655E81E793BE70024E76C /* Arduino Duemilanove.xcconfig */ = {isa = PBXFileReference; lastKnownFileType = text.xcconfig; name = "Arduino Duemilanove.xcconfig"; path = "Configurations/Arduino Duemilanove.xcconfig"; sourceTree = "<group>"; };
		351655E91E793BE70024E76C /* Arduino Leonardo.xcconfig */ = {isa = PBXFileReference; lastKnownFileType = text.xcconfig; name = "Arduino Leonardo.xcconfig"; path = "Configurations/Arduino Leonardo.xcconfig"; sourceTree = "<group>"; };
		351655EA1E793BE70024E76C /* Arduino Mega 2560.xcconfig */ = {isa = PBXFileReference; lastKnownFileType = text.xcconfig; name = "Arduino Mega 2560.xcconfig"; path = "Configurations/Arduino Mega 2560.xcconfig"; sourceTree = "<group>"; };
		351655EB1E793BE70024E76C /* Arduino Micro.xcconfig */ = {isa = PBXFileReference; lastKnownFileType = text.xcconfig; name = "Arduino Micro.xcconfig"; path = "Configurations/Arduino Micro.xcconfig"; sourceTree = "<group>"; };
		351655EC1E793BE70024E76C /* Arduino Pro ATmega328-3.3V.xcconfig */ = {isa = PBXFileReference; lastKnownFileType = text.xcconfig; name = "Arduino Pro ATmega328-3.3V.xcconfig"; path = "Configurations/Arduino Pro ATmega328-3.3V.xcconfig"; sourceTree = "<group>"; };
		351655ED1E793BE70024E76C /* Arduino Pro ATmega328-5V.xcconfig */ = {isa = PBXFileReference; lastKnownFileType = text.xcconfig; name = "Arduino Pro ATmega328-5V.xcconfig"; path = "Configurations/Arduino Pro ATmega328-5V.xcconfig"; sourceTree = "<group>"; };
		351655EE1E793BE70024E76C /* Arduino Mini ATmega168.xcconfig */ = {isa = PBXFileReference; lastKnownFileType = text.xcconfig; name = "Arduino Mini ATmega168.xcconfig"; path = "Configurations/Arduino Mini ATmega168.xcconfig"; sourceTree = "<group>"; };
		351655EF1E793BE70024E76C /* Arduino Mini ATmega328.xcconfig */ = {isa = PBXFileReference; lastKnownFileType = text.xcconfig; name = "Arduino Mini ATmega328.xcconfig"; path = "Configurations/Arduino Mini ATmega328.xcconfig"; sourceTree = "<group>"; };
		351655F01E793BE70024E76C /* Arduino Nano ATmega168.xcconfig */ = {isa = PBXFileReference; lastKnownFileType = text.xcconfig; name = "Arduino Nano ATmega168.xcconfig"; path = "Configurations/Arduino Nano ATmega168.xcconfig"; sourceTree = "<group>"; };
		351655F11E793BE70024E76C /* Arduino Nano ATmega328.xcconfig */ = {isa = PBXFileReference; lastKnownFileType = text.xcconfig; name = "Arduino Nano ATmega328.xcconfig"; path = "Configurations/Arduino Nano ATmega328.xcconfig"; sourceTree = "<group>"; };
		351655F21E793BE70024E76C /* Arduino Robot Control.xcconfig */ = {isa = PBXFileReference; lastKnownFileType = text.xcconfig; name = "Arduino Robot Control.xcconfig"; path = "Configurations/Arduino Robot Control.xcconfig"; sourceTree = "<group>"; };
		351655F31E793BE70024E76C /* Arduino Robot Motor.xcconfig */ = {isa = PBXFileReference; lastKnownFileType = text.xcconfig; name = "Arduino Robot Motor.xcconfig"; path = "Configurations/Arduino Robot Motor.xcconfig"; sourceTree = "<group>"; };
		351655F41E793BE70024E76C /* Arduino Uno.xcconfig */ = {isa = PBXFileReference; lastKnownFileType = text.xcconfig; name = "Arduino Uno.xcconfig"; path = "Configurations/Arduino Uno.xcconfig"; sourceTree = "<group>"; };
		351655F51E793BE70024E76C /* Arduino Yun (USB).xcconfig */ = {isa = PBXFileReference; lastKnownFileType = text.xcconfig; name = "Arduino Yun (USB).xcconfig"; path = "Configurations/Arduino Yun (USB).xcconfig"; sourceTree = "<group>"; };
		351655F61E793BE70024E76C /* Arduino Zero (Programming Port).xcconfig */ = {isa = PBXFileReference; lastKnownFileType = text.xcconfig; name = "Arduino Zero (Programming Port).xcconfig"; path = "Configurations/Arduino Zero (Programming Port).xcconfig"; sourceTree = "<group>"; };
		351655F71E793BE70024E76C /* Arduino M0 Pro (Programming Port).xcconfig */ = {isa = PBXFileReference; lastKnownFileType = text.xcconfig; name = "Arduino M0 Pro (Programming Port).xcconfig"; path = "Configurations/Arduino M0 Pro (Programming Port).xcconfig"; sourceTree = "<group>"; };
		351655F81E793BE70024E76C /* Arduino Tian (USB).xcconfig */ = {isa = PBXFileReference; lastKnownFileType = text.xcconfig; name = "Arduino Tian (USB).xcconfig"; path = "Configurations/Arduino Tian (USB).xcconfig"; sourceTree = "<group>"; };
		351655F91E793BE70024E76C /* ESP8266.xcconfig */ = {isa = PBXFileReference; lastKnownFileType = text.xcconfig; name = ESP8266.xcconfig; path = Configurations/ESP8266.xcconfig; sourceTree = "<group>"; };
		351655FA1E793BE70024E76C /* NodeMCU 0.9 ESP-12.xcconfig */ = {isa = PBXFileReference; lastKnownFileType = text.xcconfig; name = "NodeMCU 0.9 ESP-12.xcconfig"; path = "Configurations/NodeMCU 0.9 ESP-12.xcconfig"; sourceTree = "<group>"; };
		351655FB1E793BE70024E76C /* NodeMCU 1.0 ESP-12E.xcconfig */ = {isa = PBXFileReference; lastKnownFileType = text.xcconfig; name = "NodeMCU 1.0 ESP-12E.xcconfig"; path = "Configurations/NodeMCU 1.0 ESP-12E.xcconfig"; sourceTree = "<group>"; };
		351655FC1E793BE70024E76C /* Experimeter Board MSP430FR5739.xcconfig */ = {isa = PBXFileReference; lastKnownFileType = text.xcconfig; name = "Experimeter Board MSP430FR5739.xcconfig"; path = "Configurations/Experimeter Board MSP430FR5739.xcconfig"; sourceTree = "<group>"; };
		351655FD1E793BE70024E76C /* LaunchPad MSP432P401 EMT.xcconfig */ = {isa = PBXFileReference; lastKnownFileType = text.xcconfig; name = "LaunchPad MSP432P401 EMT.xcconfig"; path = "Configurations/LaunchPad MSP432P401 EMT.xcconfig"; sourceTree = "<group>"; };
		351655FE1E793BE70024E76C /* LaunchPad CC3200 WiFi.xcconfig */ = {isa = PBXFileReference; lastKnownFileType = text.xcconfig; name = "LaunchPad CC3200 WiFi.xcconfig"; path = "Configurations/LaunchPad CC3200 WiFi.xcconfig"; sourceTree = "<group>"; };
		351655FF1E793BE70024E76C /* LaunchPad CC3200 WiFi EMT.xcconfig */ = {isa = PBXFileReference; lastKnownFileType = text.xcconfig; name = "LaunchPad CC3200 WiFi EMT.xcconfig"; path = "Configurations/LaunchPad CC3200 WiFi EMT.xcconfig"; sourceTree = "<group>"; };
		351656001E793BE70024E76C /* LaunchPad LM4F120 Stellaris.xcconfig */ = {isa = PBXFileReference; lastKnownFileType = text.xcconfig; name = "LaunchPad LM4F120 Stellaris.xcconfig"; path = "Configurations/LaunchPad LM4F120 Stellaris.xcconfig"; sourceTree = "<group>"; };
		351656011E793BE70024E76C /* LaunchPad TM4C123 Tiva C.xcconfig */ = {isa = PBXFileReference; lastKnownFileType = text.xcconfig; name = "LaunchPad TM4C123 Tiva C.xcconfig"; path = "Configurations/LaunchPad TM4C123 Tiva C.xcconfig"; sourceTree = "<group>"; };
		351656021E793BE70024E76C /* LaunchPad TM4C129 Connected.xcconfig */ = {isa = PBXFileReference; lastKnownFileType = text.xcconfig; name = "LaunchPad TM4C129 Connected.xcconfig"; path = "Configurations/LaunchPad TM4C129 Connected.xcconfig"; sourceTree = "<group>"; };
		351656031E793BE70024E76C /* LaunchPad MSP430G2231.xcconfig */ = {isa = PBXFileReference; lastKnownFileType = text.xcconfig; name = "LaunchPad MSP430G2231.xcconfig"; path = "Configurations/LaunchPad MSP430G2231.xcconfig"; sourceTree = "<group>"; };
		351656041E793BE70024E76C /* LaunchPad MSP430G2452.xcconfig */ = {isa = PBXFileReference; lastKnownFileType = text.xcconfig; name = "LaunchPad MSP430G2452.xcconfig"; path = "Configurations/LaunchPad MSP430G2452.xcconfig"; sourceTree = "<group>"; };
		351656051E793BE70024E76C /* LaunchPad MSP430G2553.xcconfig */ = {isa = PBXFileReference; lastKnownFileType = text.xcconfig; name = "LaunchPad MSP430G2553.xcconfig"; path = "Configurations/LaunchPad MSP430G2553.xcconfig"; sourceTree = "<group>"; };
		351656061E793BE70024E76C /* LaunchPad MSP430F5529.xcconfig */ = {isa = PBXFileReference; lastKnownFileType = text.xcconfig; name = "LaunchPad MSP430F5529.xcconfig"; path = "Configurations/LaunchPad MSP430F5529.xcconfig"; sourceTree = "<group>"; };
		351656071E793BE70024E76C /* LaunchPad MSP430FR4133.xcconfig */ = {isa = PBXFileReference; lastKnownFileType = text.xcconfig; name = "LaunchPad MSP430FR4133.xcconfig"; path = "Configurations/LaunchPad MSP430FR4133.xcconfig"; sourceTree = "<group>"; };
		351656081E793BE70024E76C /* LaunchPad MSP430FR5969.xcconfig */ = {isa = PBXFileReference; lastKnownFileType = text.xcconfig; name = "LaunchPad MSP430FR5969.xcconfig"; path = "Configurations/LaunchPad MSP430FR5969.xcconfig"; sourceTree = "<group>"; };
		351656091E793BE70024E76C /* LaunchPad MSP430FR6989.xcconfig */ = {isa = PBXFileReference; lastKnownFileType = text.xcconfig; name = "LaunchPad MSP430FR6989.xcconfig"; path = "Configurations/LaunchPad MSP430FR6989.xcconfig"; sourceTree = "<group>"; };
		3516560A1E793BE70024E76C /* Teensy 2.0.xcconfig */ = {isa = PBXFileReference; lastKnownFileType = text.xcconfig; name = "Teensy 2.0.xcconfig"; path = "Configurations/Teensy 2.0.xcconfig"; sourceTree = "<group>"; };
		3516560B1E793BE70024E76C /* Teensy 3.0.xcconfig */ = {isa = PBXFileReference; lastKnownFileType = text.xcconfig; name = "Teensy 3.0.xcconfig"; path = "Configurations/Teensy 3.0.xcconfig"; sourceTree = "<group>"; };
		3516560C1E793BE70024E76C /* Teensy 3.1.xcconfig */ = {isa = PBXFileReference; lastKnownFileType = text.xcconfig; name = "Teensy 3.1.xcconfig"; path = "Configurations/Teensy 3.1.xcconfig"; sourceTree = "<group>"; };
		3516560D1E793BE70024E76C /* Teensy 3.2.xcconfig */ = {isa = PBXFileReference; lastKnownFileType = text.xcconfig; name = "Teensy 3.2.xcconfig"; path = "Configurations/Teensy 3.2.xcconfig"; sourceTree = "<group>"; };
		3516560E1E793BE70024E76C /* Teensy 3.5.xcconfig */ = {isa = PBXFileReference; lastKnownFileType = text.xcconfig; name = "Teensy 3.5.xcconfig"; path = "Configurations/Teensy 3.5.xcconfig"; sourceTree = "<group>"; };
		3516560F1E793BE70024E76C /* Teensy 3.6.xcconfig */ = {isa = PBXFileReference; lastKnownFileType = text.xcconfig; name = "Teensy 3.6.xcconfig"; path = "Configurations/Teensy 3.6.xcconfig"; sourceTree = "<group>"; };
		351656101E793BE70024E76C /* Teensy LC.xcconfig */ = {isa = PBXFileReference; lastKnownFileType = text.xcconfig; name = "Teensy LC.xcconfig"; path = "Configurations/Teensy LC.xcconfig"; sourceTree = "<group>"; };
		351656121E793BE70024E76C /* ArduinoAVR_165.mk */ = {isa = PBXFileReference; lastKnownFileType = text; name = ArduinoAVR_165.mk; path = Makefiles/ArduinoAVR_165.mk; sourceTree = "<group>"; };
		351656131E793BE70024E76C /* ArduinoAVR_166.mk */ = {isa = PBXFileReference; lastKnownFileType = text; name = ArduinoAVR_166.mk; path = Makefiles/ArduinoAVR_166.mk; sourceTree = "<group>"; };
		351656141E793BE70024E76C /* ArduinoSAM_165.mk */ = {isa = PBXFileReference; lastKnownFileType = text; name = ArduinoSAM_165.mk; path = Makefiles/ArduinoSAM_165.mk; sourceTree = "<group>"; };
		351656151E793BE70024E76C /* ArduinoSAMD_180.mk */ = {isa = PBXFileReference; lastKnownFileType = text; name = ArduinoSAMD_180.mk; path = Makefiles/ArduinoSAMD_180.mk; sourceTree = "<group>"; };
		351656161E793BE70024E76C /* EnergiaMSP430_18.mk */ = {isa = PBXFileReference; lastKnownFileType = text; name = EnergiaMSP430_18.mk; path = Makefiles/EnergiaMSP430_18.mk; sourceTree = "<group>"; };
		351656171E793BE70024E76C /* EnergiaMSP430_19.mk */ = {isa = PBXFileReference; lastKnownFileType = text; name = EnergiaMSP430_19.mk; path = Makefiles/EnergiaMSP430_19.mk; sourceTree = "<group>"; };
		351656181E793BE70024E76C /* EnergiaMSP432EMT_18.mk */ = {isa = PBXFileReference; lastKnownFileType = text; name = EnergiaMSP432EMT_18.mk; path = Makefiles/EnergiaMSP432EMT_18.mk; sourceTree = "<group>"; };
		351656191E793BE80024E76C /* EnergiaTIVAC_18.mk */ = {isa = PBXFileReference; lastKnownFileType = text; name = EnergiaTIVAC_18.mk; path = Makefiles/EnergiaTIVAC_18.mk; sourceTree = "<group>"; };
		3516561A1E793BE80024E76C /* EnergiaCC3200_18.mk */ = {isa = PBXFileReference; lastKnownFileType = text; name = EnergiaCC3200_18.mk; path = Makefiles/EnergiaCC3200_18.mk; sourceTree = "<group>"; };
		3516561B1E793BE80024E76C /* EnergiaCC3200EMT_18.mk */ = {isa = PBXFileReference; lastKnownFileType = text; name = EnergiaCC3200EMT_18.mk; path = Makefiles/EnergiaCC3200EMT_18.mk; sourceTree = "<group>"; };
		3516561C1E793BE80024E76C /* ESP8266_165.mk */ = {isa = PBXFileReference; lastKnownFileType = text; name = ESP8266_165.mk; path = Makefiles/ESP8266_165.mk; sourceTree = "<group>"; };
		3516561D1E793BE80024E76C /* Teensy.mk */ = {isa = PBXFileReference; lastKnownFileType = text; name = Teensy.mk; path = Makefiles/Teensy.mk; sourceTree = "<group>"; };
		3516561E1E793BE80024E76C /* Teensy2.mk */ = {isa = PBXFileReference; lastKnownFileType = text; name = Teensy2.mk; path = Makefiles/Teensy2.mk; sourceTree = "<group>"; };
		3516561F1E793BE80024E76C /* Teensy3.mk */ = {isa = PBXFileReference; lastKnownFileType = text; name = Teensy3.mk; path = Makefiles/Teensy3.mk; sourceTree = "<group>"; };
		351656201E793BE80024E76C /* About.mk */ = {isa = PBXFileReference; lastKnownFileType = text; name = About.mk; path = Makefiles/About.mk; sourceTree = "<group>"; };
		351656211E793BE80024E76C /* Step1.mk */ = {isa = PBXFileReference; lastKnownFileType = text; name = Step1.mk; path = Makefiles/Step1.mk; sourceTree = "<group>"; };
		351656221E793BE80024E76C /* Step2.mk */ = {isa = PBXFileReference; lastKnownFileType = text; name = Step2.mk; path = Makefiles/Step2.mk; sourceTree = "<group>"; };
		351656231E793BE80024E76C /* Avrdude.mk */ = {isa = PBXFileReference; lastKnownFileType = text; name = Avrdude.mk; path = Makefiles/Avrdude.mk; sourceTree = "<group>"; };
		351656251E793BE80024E76C /* reset_1200.py */ = {isa = PBXFileReference; lastKnownFileType = text.script.python; name = reset_1200.py; path = Utilities/reset_1200.py; sourceTree = "<group>"; };
		351656261E793BE80024E76C /* embedXcode_prepare */ = {isa = PBXFileReference; lastKnownFileType = "compiled.mach-o.executable"; name = embedXcode_prepare; path = Utilities/embedXcode_prepare; sourceTree = "<group>"; };
		351656271E793BE80024E76C /* embedXcode_check */ = {isa = PBXFileReference; lastKnownFileType = "compiled.mach-o.executable"; name = embedXcode_check; path = Utilities/embedXcode_check; sourceTree = "<group>"; };
		351656281E793BE80024E76C /* embedXcode_chrono */ = {isa = PBXFileReference; lastKnownFileType = "compiled.mach-o.executable"; name = embedXcode_chrono; path = Utilities/embedXcode_chrono; sourceTree = "<group>"; };
		351656291E793BE80024E76C /* TemplateIcon.icns */ = {isa = PBXFileReference; lastKnownFileType = image.icns; name = TemplateIcon.icns; path = Utilities/TemplateIcon.icns; sourceTree = "<group>"; };
		3516562A1E793BE80024E76C /* test.ino */ = {isa = PBXFileReference; lastKnownFileType = text; path = test.ino; sourceTree = "<group>"; };
/* End PBXFileReference section */

/* Begin PBXGroup section */
		351655D01E793BE30024E76C = {
			isa = PBXGroup;
			children = (
				351655DE1E793BE70024E76C /* test */,
				351655DD1E793BE70024E76C /* Products */,
			);
			sourceTree = "<group>";
		};
		351655DD1E793BE70024E76C /* Products */ = {
			isa = PBXGroup;
			children = (
				351655DC1E793BE70024E76C /* Index */,
			);
			name = Products;
			sourceTree = "<group>";
		};
		351655DE1E793BE70024E76C /* test */ = {
			isa = PBXGroup;
			children = (
				351655DF1E793BE70024E76C /* main.cpp */,
				351655E11E793BE70024E76C /* Makefile */,
				351655E31E793BE70024E76C /* ReadMe.txt */,
				3516562A1E793BE80024E76C /* test.ino */,
				351655E41E793BE70024E76C /* Sketchbook */,
				351655E61E793BE70024E76C /* Configurations */,
				351656111E793BE70024E76C /* Makefiles */,
				351656241E793BE80024E76C /* Utilities */,
			);
			path = test;
			sourceTree = "<group>";
		};
		351655E41E793BE70024E76C /* Sketchbook */ = {
			isa = PBXGroup;
			children = (
				351655E51E793BE70024E76C /* Sketchbook.txt */,
			);
			name = Sketchbook;
			sourceTree = "<group>";
		};
		351655E61E793BE70024E76C /* Configurations */ = {
			isa = PBXGroup;
			children = (
				351655E71E793BE70024E76C /* Arduino Due (Programming Port).xcconfig */,
				351655E81E793BE70024E76C /* Arduino Duemilanove.xcconfig */,
				351655E91E793BE70024E76C /* Arduino Leonardo.xcconfig */,
				351655EA1E793BE70024E76C /* Arduino Mega 2560.xcconfig */,
				351655EB1E793BE70024E76C /* Arduino Micro.xcconfig */,
				351655EC1E793BE70024E76C /* Arduino Pro ATmega328-3.3V.xcconfig */,
				351655ED1E793BE70024E76C /* Arduino Pro ATmega328-5V.xcconfig */,
				351655EE1E793BE70024E76C /* Arduino Mini ATmega168.xcconfig */,
				351655EF1E793BE70024E76C /* Arduino Mini ATmega328.xcconfig */,
				351655F01E793BE70024E76C /* Arduino Nano ATmega168.xcconfig */,
				351655F11E793BE70024E76C /* Arduino Nano ATmega328.xcconfig */,
				351655F21E793BE70024E76C /* Arduino Robot Control.xcconfig */,
				351655F31E793BE70024E76C /* Arduino Robot Motor.xcconfig */,
				351655F41E793BE70024E76C /* Arduino Uno.xcconfig */,
				351655F51E793BE70024E76C /* Arduino Yun (USB).xcconfig */,
				351655F61E793BE70024E76C /* Arduino Zero (Programming Port).xcconfig */,
				351655F71E793BE70024E76C /* Arduino M0 Pro (Programming Port).xcconfig */,
				351655F81E793BE70024E76C /* Arduino Tian (USB).xcconfig */,
				351655F91E793BE70024E76C /* ESP8266.xcconfig */,
				351655FA1E793BE70024E76C /* NodeMCU 0.9 ESP-12.xcconfig */,
				351655FB1E793BE70024E76C /* NodeMCU 1.0 ESP-12E.xcconfig */,
				351655FC1E793BE70024E76C /* Experimeter Board MSP430FR5739.xcconfig */,
				351655FD1E793BE70024E76C /* LaunchPad MSP432P401 EMT.xcconfig */,
				351655FE1E793BE70024E76C /* LaunchPad CC3200 WiFi.xcconfig */,
				351655FF1E793BE70024E76C /* LaunchPad CC3200 WiFi EMT.xcconfig */,
				351656001E793BE70024E76C /* LaunchPad LM4F120 Stellaris.xcconfig */,
				351656011E793BE70024E76C /* LaunchPad TM4C123 Tiva C.xcconfig */,
				351656021E793BE70024E76C /* LaunchPad TM4C129 Connected.xcconfig */,
				351656031E793BE70024E76C /* LaunchPad MSP430G2231.xcconfig */,
				351656041E793BE70024E76C /* LaunchPad MSP430G2452.xcconfig */,
				351656051E793BE70024E76C /* LaunchPad MSP430G2553.xcconfig */,
				351656061E793BE70024E76C /* LaunchPad MSP430F5529.xcconfig */,
				351656071E793BE70024E76C /* LaunchPad MSP430FR4133.xcconfig */,
				351656081E793BE70024E76C /* LaunchPad MSP430FR5969.xcconfig */,
				351656091E793BE70024E76C /* LaunchPad MSP430FR6989.xcconfig */,
				3516560A1E793BE70024E76C /* Teensy 2.0.xcconfig */,
				3516560B1E793BE70024E76C /* Teensy 3.0.xcconfig */,
				3516560C1E793BE70024E76C /* Teensy 3.1.xcconfig */,
				3516560D1E793BE70024E76C /* Teensy 3.2.xcconfig */,
				3516560E1E793BE70024E76C /* Teensy 3.5.xcconfig */,
				3516560F1E793BE70024E76C /* Teensy 3.6.xcconfig */,
				351656101E793BE70024E76C /* Teensy LC.xcconfig */,
			);
			name = Configurations;
			sourceTree = "<group>";
		};
		351656111E793BE70024E76C /* Makefiles */ = {
			isa = PBXGroup;
			children = (
				351656121E793BE70024E76C /* ArduinoAVR_165.mk */,
				351656131E793BE70024E76C /* ArduinoAVR_166.mk */,
				351656141E793BE70024E76C /* ArduinoSAM_165.mk */,
				351656151E793BE70024E76C /* ArduinoSAMD_180.mk */,
				351656161E793BE70024E76C /* EnergiaMSP430_18.mk */,
				351656171E793BE70024E76C /* EnergiaMSP430_19.mk */,
				351656181E793BE70024E76C /* EnergiaMSP432EMT_18.mk */,
				351656191E793BE80024E76C /* EnergiaTIVAC_18.mk */,
				3516561A1E793BE80024E76C /* EnergiaCC3200_18.mk */,
				3516561B1E793BE80024E76C /* EnergiaCC3200EMT_18.mk */,
				3516561C1E793BE80024E76C /* ESP8266_165.mk */,
				3516561D1E793BE80024E76C /* Teensy.mk */,
				3516561E1E793BE80024E76C /* Teensy2.mk */,
				3516561F1E793BE80024E76C /* Teensy3.mk */,
				351656201E793BE80024E76C /* About.mk */,
				351656211E793BE80024E76C /* Step1.mk */,
				351656221E793BE80024E76C /* Step2.mk */,
				351656231E793BE80024E76C /* Avrdude.mk */,
			);
			name = Makefiles;
			sourceTree = "<group>";
		};
		351656241E793BE80024E76C /* Utilities */ = {
			isa = PBXGroup;
			children = (
				351656251E793BE80024E76C /* reset_1200.py */,
				351656261E793BE80024E76C /* embedXcode_prepare */,
				351656271E793BE80024E76C /* embedXcode_check */,
				351656281E793BE80024E76C /* embedXcode_chrono */,
				351656291E793BE80024E76C /* TemplateIcon.icns */,
			);
			name = Utilities;
			sourceTree = "<group>";
		};
/* End PBXGroup section */

/* Begin PBXLegacyTarget section */
		351655D51E793BE30024E76C /* Build */ = {
			isa = PBXLegacyTarget;
			buildArgumentsString = "build -C \"$(PROJECT)\"";
			buildConfigurationList = 3516562D1E793BE80024E76C /* Build configuration list for PBXLegacyTarget "Build" */;
			buildPhases = (
			);
			buildToolPath = make;
			dependencies = (
			);
			name = Build;
			passBuildSettingsInEnvironment = 1;
			productName = Build;
		};
		351655D61E793BE30024E76C /* All */ = {
			isa = PBXLegacyTarget;
			buildArgumentsString = "all -C \"$(PROJECT)\"";
			buildConfigurationList = 351656301E793BE80024E76C /* Build configuration list for PBXLegacyTarget "All" */;
			buildPhases = (
			);
			buildToolPath = make;
			dependencies = (
			);
			name = All;
			passBuildSettingsInEnvironment = 1;
			productName = All;
		};
		351655D71E793BE30024E76C /* Boards */ = {
			isa = PBXLegacyTarget;
			buildArgumentsString = "boards -C \"$(PROJECT)\"";
			buildConfigurationList = 351656331E793BE80024E76C /* Build configuration list for PBXLegacyTarget "Boards" */;
			buildPhases = (
			);
			buildToolPath = make;
			dependencies = (
			);
			name = Boards;
			passBuildSettingsInEnvironment = 1;
			productName = Boards;
		};
		351655D81E793BE30024E76C /* Serial */ = {
			isa = PBXLegacyTarget;
			buildArgumentsString = "serial -C \"$(PROJECT)\"";
			buildConfigurationList = 351656361E793BE80024E76C /* Build configuration list for PBXLegacyTarget "Serial" */;
			buildPhases = (
			);
			buildToolPath = make;
			dependencies = (
			);
			name = Serial;
			passBuildSettingsInEnvironment = 1;
			productName = Serial;
		};
		351655D91E793BE30024E76C /* Upload */ = {
			isa = PBXLegacyTarget;
			buildArgumentsString = "upload -C \"$(PROJECT)\"";
			buildConfigurationList = 351656391E793BE80024E76C /* Build configuration list for PBXLegacyTarget "Upload" */;
			buildPhases = (
			);
			buildToolPath = make;
			dependencies = (
			);
			name = Upload;
			passBuildSettingsInEnvironment = 1;
			productName = Upload;
		};
/* End PBXLegacyTarget section */

/* Begin PBXNativeTarget section */
		351655DB1E793BE30024E76C /* Index */ = {
			isa = PBXNativeTarget;
			buildConfigurationList = 3516563C1E793BE80024E76C /* Build configuration list for PBXNativeTarget "Index" */;
			buildPhases = (
				351655DA1E793BE30024E76C /* Sources */,
			);
			buildRules = (
			);
			dependencies = (
			);
			name = Index;
			productName = Index;
			productReference = 351655DC1E793BE70024E76C /* Index */;
			productType = "com.apple.product-type.tool";
		};
/* End PBXNativeTarget section */

/* Begin PBXProject section */
		351655D11E793BE30024E76C /* Project object */ = {
			isa = PBXProject;
			attributes = {
				LastUpgradeCheck = 0820;
				ORGANIZATIONNAME = "Fredrik Nilsson";
				TargetAttributes = {
					351655D51E793BE30024E76C = {
						CreatedOnToolsVersion = 8.2.1;
						ProvisioningStyle = Automatic;
					};
					351655D61E793BE30024E76C = {
						CreatedOnToolsVersion = 8.2.1;
						ProvisioningStyle = Automatic;
					};
					351655D71E793BE30024E76C = {
						CreatedOnToolsVersion = 8.2.1;
						ProvisioningStyle = Automatic;
					};
					351655D81E793BE30024E76C = {
						CreatedOnToolsVersion = 8.2.1;
						ProvisioningStyle = Automatic;
					};
					351655D91E793BE30024E76C = {
						CreatedOnToolsVersion = 8.2.1;
						ProvisioningStyle = Automatic;
					};
					351655DB1E793BE30024E76C = {
						CreatedOnToolsVersion = 8.2.1;
						ProvisioningStyle = Automatic;
					};
				};
			};
			buildConfigurationList = 351655D41E793BE30024E76C /* Build configuration list for PBXProject "test" */;
			compatibilityVersion = "Xcode 3.2";
			developmentRegion = English;
			hasScannedForEncodings = 0;
			knownRegions = (
				en,
			);
			mainGroup = 351655D01E793BE30024E76C;
			productRefGroup = 351655DD1E793BE70024E76C /* Products */;
			projectDirPath = "";
			projectRoot = "";
			targets = (
				351655D51E793BE30024E76C /* Build */,
				351655D61E793BE30024E76C /* All */,
				351655D71E793BE30024E76C /* Boards */,
				351655D81E793BE30024E76C /* Serial */,
				351655D91E793BE30024E76C /* Upload */,
				351655DB1E793BE30024E76C /* Index */,
			);
		};
/* End PBXProject section */

/* Begin PBXSourcesBuildPhase section */
		351655DA1E793BE30024E76C /* Sources */ = {
			isa = PBXSourcesBuildPhase;
			buildActionMask = 2147483647;
			files = (
				351655E21E793BE70024E76C /* Makefile in Sources */,
				351655E01E793BE70024E76C /* main.cpp in Sources */,
			);
			runOnlyForDeploymentPostprocessing = 0;
		};
/* End PBXSourcesBuildPhase section */

/* Begin XCBuildConfiguration section */
		3516562B1E793BE80024E76C /* Debug */ = {
			isa = XCBuildConfiguration;
			baseConfigurationReference = 351655F41E793BE70024E76C /* Arduino Uno.xcconfig */;
			buildSettings = {
				ALWAYS_SEARCH_USER_PATHS = NO;
				CLANG_ANALYZER_NONNULL = YES;
				CLANG_CXX_LANGUAGE_STANDARD = "gnu++0x";
				CLANG_CXX_LIBRARY = "libc++";
				CLANG_ENABLE_MODULES = YES;
				CLANG_ENABLE_OBJC_ARC = YES;
				CLANG_WARN_BOOL_CONVERSION = YES;
				CLANG_WARN_CONSTANT_CONVERSION = YES;
				CLANG_WARN_DIRECT_OBJC_ISA_USAGE = YES_ERROR;
				CLANG_WARN_DOCUMENTATION_COMMENTS = YES;
				CLANG_WARN_EMPTY_BODY = YES;
				CLANG_WARN_ENUM_CONVERSION = YES;
				CLANG_WARN_INFINITE_RECURSION = YES;
				CLANG_WARN_INT_CONVERSION = YES;
				CLANG_WARN_OBJC_ROOT_CLASS = YES_ERROR;
				CLANG_WARN_SUSPICIOUS_MOVE = YES;
				CLANG_WARN_UNREACHABLE_CODE = YES;
				CLANG_WARN__DUPLICATE_METHOD_MATCH = YES;
				COPY_PHASE_STRIP = NO;
				DEBUG_INFORMATION_FORMAT = dwarf;
				ENABLE_STRICT_OBJC_MSGSEND = YES;
				ENABLE_TESTABILITY = YES;
				GCC_C_LANGUAGE_STANDARD = gnu99;
				GCC_DYNAMIC_NO_PIC = NO;
				GCC_NO_COMMON_BLOCKS = YES;
				GCC_OPTIMIZATION_LEVEL = 0;
				GCC_PREPROCESSOR_DEFINITIONS = (
					"DEBUG=1",
					"$(inherited)",
				);
				GCC_WARN_64_TO_32_BIT_CONVERSION = YES;
				GCC_WARN_ABOUT_RETURN_TYPE = YES_ERROR;
				GCC_WARN_UNDECLARED_SELECTOR = YES;
				GCC_WARN_UNINITIALIZED_AUTOS = YES_AGGRESSIVE;
				GCC_WARN_UNUSED_FUNCTION = YES;
				GCC_WARN_UNUSED_VARIABLE = YES;
				HEADER_SEARCH_PATHS = "$(inherited)";
				MTL_ENABLE_DEBUG_INFO = YES;
				ONLY_ACTIVE_ARCH = YES;
				PATH = "$(PATH):$(PROJECT_DIR)";
				PRODUCT_NAME = "$(TARGET_NAME)";
				SKETCHBOOK_DIR = "";
				UPDATE_POLICY = 0;
			};
			name = Debug;
		};
		3516562C1E793BE80024E76C /* Release */ = {
			isa = XCBuildConfiguration;
			buildSettings = {
				ALWAYS_SEARCH_USER_PATHS = NO;
				CLANG_ANALYZER_NONNULL = YES;
				CLANG_CXX_LANGUAGE_STANDARD = "gnu++0x";
				CLANG_CXX_LIBRARY = "libc++";
				CLANG_ENABLE_MODULES = YES;
				CLANG_ENABLE_OBJC_ARC = YES;
				CLANG_WARN_BOOL_CONVERSION = YES;
				CLANG_WARN_CONSTANT_CONVERSION = YES;
				CLANG_WARN_DIRECT_OBJC_ISA_USAGE = YES_ERROR;
				CLANG_WARN_DOCUMENTATION_COMMENTS = YES;
				CLANG_WARN_EMPTY_BODY = YES;
				CLANG_WARN_ENUM_CONVERSION = YES;
				CLANG_WARN_INFINITE_RECURSION = YES;
				CLANG_WARN_INT_CONVERSION = YES;
				CLANG_WARN_OBJC_ROOT_CLASS = YES_ERROR;
				CLANG_WARN_SUSPICIOUS_MOVE = YES;
				CLANG_WARN_UNREACHABLE_CODE = YES;
				CLANG_WARN__DUPLICATE_METHOD_MATCH = YES;
				COPY_PHASE_STRIP = NO;
				DEBUG_INFORMATION_FORMAT = "dwarf-with-dsym";
				ENABLE_NS_ASSERTIONS = NO;
				ENABLE_STRICT_OBJC_MSGSEND = YES;
				GCC_C_LANGUAGE_STANDARD = gnu99;
				GCC_NO_COMMON_BLOCKS = YES;
				GCC_WARN_64_TO_32_BIT_CONVERSION = YES;
				GCC_WARN_ABOUT_RETURN_TYPE = YES_ERROR;
				GCC_WARN_UNDECLARED_SELECTOR = YES;
				GCC_WARN_UNINITIALIZED_AUTOS = YES_AGGRESSIVE;
				GCC_WARN_UNUSED_FUNCTION = YES;
				GCC_WARN_UNUSED_VARIABLE = YES;
				HEADER_SEARCH_PATHS = "$(inherited)";
				MTL_ENABLE_DEBUG_INFO = NO;
				PATH = "$(PATH):$(PROJECT_DIR)";
				PRODUCT_NAME = "$(TARGET_NAME)";
				SKETCHBOOK_DIR = "";
				UPDATE_POLICY = 0;
			};
			name = Release;
		};
		3516562E1E793BE80024E76C /* Debug */ = {
			isa = XCBuildConfiguration;
			buildSettings = {
				PRODUCT_NAME = "$(TARGET_NAME)";
			};
			name = Debug;
		};
		3516562F1E793BE80024E76C /* Release */ = {
			isa = XCBuildConfiguration;
			buildSettings = {
				PRODUCT_NAME = "$(TARGET_NAME)";
			};
			name = Release;
		};
		351656311E793BE80024E76C /* Debug */ = {
			isa = XCBuildConfiguration;
			buildSettings = {
			};
			name = Debug;
		};
		351656321E793BE80024E76C /* Release */ = {
			isa = XCBuildConfiguration;
			buildSettings = {
			};
			name = Release;
		};
		351656341E793BE80024E76C /* Debug */ = {
			isa = XCBuildConfiguration;
			buildSettings = {
			};
			name = Debug;
		};
		351656351E793BE80024E76C /* Release */ = {
			isa = XCBuildConfiguration;
			buildSettings = {
			};
			name = Release;
		};
		351656371E793BE80024E76C /* Debug */ = {
			isa = XCBuildConfiguration;
			buildSettings = {
			};
			name = Debug;
		};
		351656381E793BE80024E76C /* Release */ = {
			isa = XCBuildConfiguration;
			buildSettings = {
			};
			name = Release;
		};
		3516563A1E793BE80024E76C /* Debug */ = {
			isa = XCBuildConfiguration;
			buildSettings = {
			};
			name = Debug;
		};
		3516563B1E793BE80024E76C /* Release */ = {
			isa = XCBuildConfiguration;
			buildSettings = {
			};
			name = Release;
		};
		3516563D1E793BE80024E76C /* Debug */ = {
			isa = XCBuildConfiguration;
			buildSettings = {
			};
			name = Debug;
		};
		3516563E1E793BE80024E76C /* Release */ = {
			isa = XCBuildConfiguration;
			buildSettings = {
			};
			name = Release;
		};
/* End XCBuildConfiguration section */

/* Begin XCConfigurationList section */
		351655D41E793BE30024E76C /* Build configuration list for PBXProject "test" */ = {
			isa = XCConfigurationList;
			buildConfigurations = (
				3516562B1E793BE80024E76C /* Debug */,
				3516562C1E793BE80024E76C /* Release */,
			);
			defaultConfigurationIsVisible = 0;
			defaultConfigurationName = Release;
		};
		3516562D1E793BE80024E76C /* Build configuration list for PBXLegacyTarget "Build" */ = {
			isa = XCConfigurationList;
			buildConfigurations = (
				3516562E1E793BE80024E76C /* Debug */,
				3516562F1E793BE80024E76C /* Release */,
			);
			defaultConfigurationIsVisible = 0;
		};
		351656301E793BE80024E76C /* Build configuration list for PBXLegacyTarget "All" */ = {
			isa = XCConfigurationList;
			buildConfigurations = (
				351656311E793BE80024E76C /* Debug */,
				351656321E793BE80024E76C /* Release */,
			);
			defaultConfigurationIsVisible = 0;
		};
		351656331E793BE80024E76C /* Build configuration list for PBXLegacyTarget "Boards" */ = {
			isa = XCConfigurationList;
			buildConfigurations = (
				351656341E793BE80024E76C /* Debug */,
				351656351E793BE80024E76C /* Release */,
			);
			defaultConfigurationIsVisible = 0;
		};
		351656361E793BE80024E76C /* Build configuration list for PBXLegacyTarget "Serial" */ = {
			isa = XCConfigurationList;
			buildConfigurations = (
				351656371E793BE80024E76C /* Debug */,
				351656381E793BE80024E76C /* Release */,
			);
			defaultConfigurationIsVisible = 0;
		};
		351656391E793BE80024E76C /* Build configuration list for PBXLegacyTarget "Upload" */ = {
			isa = XCConfigurationList;
			buildConfigurations = (
				3516563A1E793BE80024E76C /* Debug */,
				3516563B1E793BE80024E76C /* Release */,
			);
			defaultConfigurationIsVisible = 0;
		};
		3516563C1E793BE80024E76C /* Build configuration list for PBXNativeTarget "Index" */ = {
			isa = XCConfigurationList;
			buildConfigurations = (
				3516563D1E793BE80024E76C /* Debug */,
				3516563E1E793BE80024E76C /* Release */,
			);
			defaultConfigurationIsVisible = 0;
		};
/* End XCConfigurationList section */
	};
	rootObject = 351655D11E793BE30024E76C /* Project object */;
}
